
Microsoft Visual Studio Solution File, Format Version 12.00
# Visual Studio 2012
Project("{8BC9CEB8-8B4A-11D0-8D11-00A0C91BC942}") = "Example8_3_1", "Example8_3_1.vcxproj", "{5A174287-0A06-491E-9D64-FF5A360A9936}"
EndProject
Global
	GlobalSection(SolutionConfigurationPlatforms) = preSolution
		Debug|Win32 = Debug|Win32
		Release|Win32 = Release|Win32
	EndGlobalSection
	GlobalSection(ProjectConfigurationPlatforms) = postSolution
		{5A174287-0A06-491E-9D64-FF5A360A9936}.Debug|Win32.ActiveCfg = Debug|Win32
		{5A174287-0A06-491E-9D64-FF5A360A9936}.Debug|Win32.Build.0 = Debug|Win32
		{5A174287-0A06-491E-9D64-FF5A360A9936}.Release|Win32.ActiveCfg = Release|Win32
		{5A174287-0A06-491E-9D64-FF5A360A9936}.Release|Win32.Build.0 = Release|Win32
	EndGlobalSection
	GlobalSection(SolutionProperties) = preSolution
		HideSolutionNode = FALSE
	EndGlobalSection
EndGlobal
