
Microsoft Visual Studio Solution File, Format Version 12.00
# Visual Studio 2012
Project("{8BC9CEB8-8B4A-11D0-8D11-00A0C91BC942}") = "Example4_7_1", "Example4_7_1.vcxproj", "{F13878AB-9BC9-4CA5-89EE-F84FF842253A}"
EndProject
Global
	GlobalSection(SolutionConfigurationPlatforms) = preSolution
		Debug|Win32 = Debug|Win32
		Release|Win32 = Release|Win32
	EndGlobalSection
	GlobalSection(ProjectConfigurationPlatforms) = postSolution
		{F13878AB-9BC9-4CA5-89EE-F84FF842253A}.Debug|Win32.ActiveCfg = Debug|Win32
		{F13878AB-9BC9-4CA5-89EE-F84FF842253A}.Debug|Win32.Build.0 = Debug|Win32
		{F13878AB-9BC9-4CA5-89EE-F84FF842253A}.Release|Win32.ActiveCfg = Release|Win32
		{F13878AB-9BC9-4CA5-89EE-F84FF842253A}.Release|Win32.Build.0 = Release|Win32
	EndGlobalSection
	GlobalSection(SolutionProperties) = preSolution
		HideSolutionNode = FALSE
	EndGlobalSection
EndGlobal
