
Microsoft Visual Studio Solution File, Format Version 12.00
# Visual Studio 2012
Project("{8BC9CEB8-8B4A-11D0-8D11-00A0C91BC942}") = "Example4_2_2", "Example4_2_2.vcxproj", "{55718290-85AC-4C46-BE66-30B22BCD43FA}"
EndProject
Global
	GlobalSection(SolutionConfigurationPlatforms) = preSolution
		Debug|Win32 = Debug|Win32
		Release|Win32 = Release|Win32
	EndGlobalSection
	GlobalSection(ProjectConfigurationPlatforms) = postSolution
		{55718290-85AC-4C46-BE66-30B22BCD43FA}.Debug|Win32.ActiveCfg = Debug|Win32
		{55718290-85AC-4C46-BE66-30B22BCD43FA}.Debug|Win32.Build.0 = Debug|Win32
		{55718290-85AC-4C46-BE66-30B22BCD43FA}.Release|Win32.ActiveCfg = Release|Win32
		{55718290-85AC-4C46-BE66-30B22BCD43FA}.Release|Win32.Build.0 = Release|Win32
	EndGlobalSection
	GlobalSection(SolutionProperties) = preSolution
		HideSolutionNode = FALSE
	EndGlobalSection
EndGlobal
