
Microsoft Visual Studio Solution File, Format Version 12.00
# Visual Studio 2012
Project("{8BC9CEB8-8B4A-11D0-8D11-00A0C91BC942}") = "Example4_6_1", "Example4_6_1.vcxproj", "{9645FD47-4B63-4E36-B233-A07443416175}"
EndProject
Global
	GlobalSection(SolutionConfigurationPlatforms) = preSolution
		Debug|Win32 = Debug|Win32
		Release|Win32 = Release|Win32
	EndGlobalSection
	GlobalSection(ProjectConfigurationPlatforms) = postSolution
		{9645FD47-4B63-4E36-B233-A07443416175}.Debug|Win32.ActiveCfg = Debug|Win32
		{9645FD47-4B63-4E36-B233-A07443416175}.Debug|Win32.Build.0 = Debug|Win32
		{9645FD47-4B63-4E36-B233-A07443416175}.Release|Win32.ActiveCfg = Release|Win32
		{9645FD47-4B63-4E36-B233-A07443416175}.Release|Win32.Build.0 = Release|Win32
	EndGlobalSection
	GlobalSection(SolutionProperties) = preSolution
		HideSolutionNode = FALSE
	EndGlobalSection
EndGlobal
