<?xml version="1.0" encoding="utf-8"?>
<Project ToolsVersion="4.0" xmlns="http://schemas.microsoft.com/developer/msbuild/2003">
  <ItemGroup>
    <Filter Include="Source Files">
      <UniqueIdentifier>{4FC737F1-C7A5-4376-A066-2A32D752A2FF}</UniqueIdentifier>
      <Extensions>cpp;c;cc;cxx;def;odl;idl;hpj;bat;asm;asmx</Extensions>
    </Filter>
    <Filter Include="Header Files">
      <UniqueIdentifier>{93995380-89BD-4b04-88EB-625FBE52EBFB}</UniqueIdentifier>
      <Extensions>h;hpp;hxx;hm;inl;inc;xsd</Extensions>
    </Filter>
    <Filter Include="Resource Files">
      <UniqueIdentifier>{67DA6AB6-F800-4c08-8B7A-83BB121AAD01}</UniqueIdentifier>
      <Extensions>rc;ico;cur;bmp;dlg;rc2;rct;bin;rgs;gif;jpg;jpeg;jpe;resx;tiff;tif;png;wav</Extensions>
    </Filter>
    <Filter Include="Data Files">
      <UniqueIdentifier>{43fe843e-01fe-4792-8498-90dcf5b238fc}</UniqueIdentifier>
    </Filter>
  </ItemGroup>
  <ItemGroup>
    <ClCompile Include="..\Library\clock.cpp">
      <Filter>Source Files</Filter>
    </ClCompile>
    <ClCompile Include="element.cpp">
      <Filter>Source Files</Filter>
    </ClCompile>
    <ClCompile Include="elementloads.cpp">
      <Filter>Source Files</Filter>
    </ClCompile>
    <ClCompile Include="elementresponse.cpp">
      <Filter>Source Files</Filter>
    </ClCompile>
    <ClCompile Include="..\Library\fileio.cpp">
      <Filter>Source Files</Filter>
    </ClCompile>
    <ClCompile Include="frame.cpp">
      <Filter>Source Files</Filter>
    </ClCompile>
    <ClCompile Include="..\Library\getinteractive.cpp">
      <Filter>Source Files</Filter>
    </ClCompile>
    <ClCompile Include="io.cpp">
      <Filter>Source Files</Filter>
    </ClCompile>
    <ClCompile Include="isection.cpp">
      <Filter>Source Files</Filter>
    </ClCompile>
    <ClCompile Include="main.cpp">
      <Filter>Source Files</Filter>
    </ClCompile>
    <ClCompile Include="material.cpp">
      <Filter>Source Files</Filter>
    </ClCompile>
    <ClCompile Include="nodalloads.cpp">
      <Filter>Source Files</Filter>
    </ClCompile>
    <ClCompile Include="nodalresponse.cpp">
      <Filter>Source Files</Filter>
    </ClCompile>
    <ClCompile Include="node.cpp">
      <Filter>Source Files</Filter>
    </ClCompile>
    <ClCompile Include="..\Library\parser.cpp">
      <Filter>Source Files</Filter>
    </ClCompile>
    <ClCompile Include="rectsolid.cpp">
      <Filter>Source Files</Filter>
    </ClCompile>
    <ClCompile Include="xstype.cpp">
      <Filter>Source Files</Filter>
    </ClCompile>
    <ClCompile Include="circsolid.cpp">
      <Filter>Source Files</Filter>
    </ClCompile>
  </ItemGroup>
  <ItemGroup>
    <ClInclude Include="..\Library\clock.h">
      <Filter>Header Files</Filter>
    </ClInclude>
    <ClInclude Include="constants.h">
      <Filter>Header Files</Filter>
    </ClInclude>
    <ClInclude Include="element.h">
      <Filter>Header Files</Filter>
    </ClInclude>
    <ClInclude Include="elementloads.h">
      <Filter>Header Files</Filter>
    </ClInclude>
    <ClInclude Include="elementresponse.h">
      <Filter>Header Files</Filter>
    </ClInclude>
    <ClInclude Include="..\Library\fileio.h">
      <Filter>Header Files</Filter>
    </ClInclude>
    <ClInclude Include="frame.h">
      <Filter>Header Files</Filter>
    </ClInclude>
    <ClInclude Include="..\Library\getinteractive.h">
      <Filter>Header Files</Filter>
    </ClInclude>
    <ClInclude Include="isection.h">
      <Filter>Header Files</Filter>
    </ClInclude>
    <ClInclude Include="material.h">
      <Filter>Header Files</Filter>
    </ClInclude>
    <ClInclude Include="nodalloads.h">
      <Filter>Header Files</Filter>
    </ClInclude>
    <ClInclude Include="nodalresponse.h">
      <Filter>Header Files</Filter>
    </ClInclude>
    <ClInclude Include="node.h">
      <Filter>Header Files</Filter>
    </ClInclude>
    <ClInclude Include="..\Library\parser.h">
      <Filter>Header Files</Filter>
    </ClInclude>
    <ClInclude Include="rectsolid.h">
      <Filter>Header Files</Filter>
    </ClInclude>
    <ClInclude Include="xstype.h">
      <Filter>Header Files</Filter>
    </ClInclude>
    <ClInclude Include="MatToolBox.h">
      <Filter>Header Files</Filter>
    </ClInclude>
    <ClInclude Include="circsolid.h">
      <Filter>Header Files</Filter>
    </ClInclude>
  </ItemGroup>
  <ItemGroup>
    <None Include="test1.dat">
      <Filter>Data Files</Filter>
    </None>
    <None Include="test2.dat">
      <Filter>Data Files</Filter>
    </None>
  </ItemGroup>
</Project>