
Microsoft Visual Studio Solution File, Format Version 12.00
# Visual Studio 2012
Project("{8BC9CEB8-8B4A-11D0-8D11-00A0C91BC942}") = "Example2_7_3", "Example2_7_3.vcxproj", "{82C7327E-8AEA-481E-BD4B-D85B12BAFB50}"
EndProject
Global
	GlobalSection(SolutionConfigurationPlatforms) = preSolution
		Debug|Win32 = Debug|Win32
		Release|Win32 = Release|Win32
	EndGlobalSection
	GlobalSection(ProjectConfigurationPlatforms) = postSolution
		{82C7327E-8AEA-481E-BD4B-D85B12BAFB50}.Debug|Win32.ActiveCfg = Debug|Win32
		{82C7327E-8AEA-481E-BD4B-D85B12BAFB50}.Debug|Win32.Build.0 = Debug|Win32
		{82C7327E-8AEA-481E-BD4B-D85B12BAFB50}.Release|Win32.ActiveCfg = Release|Win32
		{82C7327E-8AEA-481E-BD4B-D85B12BAFB50}.Release|Win32.Build.0 = Release|Win32
	EndGlobalSection
	GlobalSection(SolutionProperties) = preSolution
		HideSolutionNode = FALSE
	EndGlobalSection
	GlobalSection(Performance) = preSolution
		HasPerformanceSessions = true
	EndGlobalSection
EndGlobal
