
Microsoft Visual Studio Solution File, Format Version 12.00
# Visual Studio 2012
Project("{8BC9CEB8-8B4A-11D0-8D11-00A0C91BC942}") = "Example5_1_4", "Example5_1_4.vcxproj", "{32A16878-04A6-4254-A28D-38C8C518DBEB}"
EndProject
Global
	GlobalSection(SolutionConfigurationPlatforms) = preSolution
		Debug|Win32 = Debug|Win32
		Release|Win32 = Release|Win32
	EndGlobalSection
	GlobalSection(ProjectConfigurationPlatforms) = postSolution
		{32A16878-04A6-4254-A28D-38C8C518DBEB}.Debug|Win32.ActiveCfg = Debug|Win32
		{32A16878-04A6-4254-A28D-38C8C518DBEB}.Debug|Win32.Build.0 = Debug|Win32
		{32A16878-04A6-4254-A28D-38C8C518DBEB}.Release|Win32.ActiveCfg = Release|Win32
		{32A16878-04A6-4254-A28D-38C8C518DBEB}.Release|Win32.Build.0 = Release|Win32
	EndGlobalSection
	GlobalSection(SolutionProperties) = preSolution
		HideSolutionNode = FALSE
	EndGlobalSection
EndGlobal
