
Microsoft Visual Studio Solution File, Format Version 12.00
# Visual Studio 2012
Project("{8BC9CEB8-8B4A-11D0-8D11-00A0C91BC942}") = "Example3_3_2", "Example3_3_2.vcxproj", "{F78631B5-D55D-4380-AA9B-EF3D594DCE20}"
EndProject
Global
	GlobalSection(SolutionConfigurationPlatforms) = preSolution
		Debug|Win32 = Debug|Win32
		Release|Win32 = Release|Win32
	EndGlobalSection
	GlobalSection(ProjectConfigurationPlatforms) = postSolution
		{F78631B5-D55D-4380-AA9B-EF3D594DCE20}.Debug|Win32.ActiveCfg = Debug|Win32
		{F78631B5-D55D-4380-AA9B-EF3D594DCE20}.Debug|Win32.Build.0 = Debug|Win32
		{F78631B5-D55D-4380-AA9B-EF3D594DCE20}.Release|Win32.ActiveCfg = Release|Win32
		{F78631B5-D55D-4380-AA9B-EF3D594DCE20}.Release|Win32.Build.0 = Release|Win32
	EndGlobalSection
	GlobalSection(SolutionProperties) = preSolution
		HideSolutionNode = FALSE
	EndGlobalSection
EndGlobal
