
Microsoft Visual Studio Solution File, Format Version 12.00
# Visual Studio 2012
Project("{8BC9CEB8-8B4A-11D0-8D11-00A0C91BC942}") = "PlanarFrame", "PlanarFrame.vcxproj", "{FC133F7C-5C23-4431-91CD-3EFDE3D54132}"
EndProject
Global
	GlobalSection(SolutionConfigurationPlatforms) = preSolution
		Debug|Win32 = Debug|Win32
		Release|Win32 = Release|Win32
	EndGlobalSection
	GlobalSection(ProjectConfigurationPlatforms) = postSolution
		{FC133F7C-5C23-4431-91CD-3EFDE3D54132}.Debug|Win32.ActiveCfg = Debug|Win32
		{FC133F7C-5C23-4431-91CD-3EFDE3D54132}.Debug|Win32.Build.0 = Debug|Win32
		{FC133F7C-5C23-4431-91CD-3EFDE3D54132}.Release|Win32.ActiveCfg = Release|Win32
		{FC133F7C-5C23-4431-91CD-3EFDE3D54132}.Release|Win32.Build.0 = Release|Win32
	EndGlobalSection
	GlobalSection(SolutionProperties) = preSolution
		HideSolutionNode = FALSE
	EndGlobalSection
EndGlobal
